
Microsoft Visual Studio Solution File, Format Version 12.00
# Visual Studio 15
VisualStudioVersion = 15.0.28307.136
MinimumVisualStudioVersion = 10.0.40219.1
Project("{FAE04EC0-301F-11D3-BF4B-00C04F79EFBC}") = "XamarinCLibImp.Android", "XamarinCLibImp\XamarinCLibImp.Android\XamarinCLibImp.Android.csproj", "{0A7E834B-C0C4-41D0-91CD-BC328162A570}"
EndProject
Project("{FAE04EC0-301F-11D3-BF4B-00C04F79EFBC}") = "XamarinCLibImp.iOS", "XamarinCLibImp\XamarinCLibImp.iOS\XamarinCLibImp.iOS.csproj", "{471EB43A-02D9-47ED-8C20-40B031098D8A}"
EndProject
Project("{FAE04EC0-301F-11D3-BF4B-00C04F79EFBC}") = "XamarinCLibImp.UWP", "XamarinCLibImp\XamarinCLibImp.UWP\XamarinCLibImp.UWP.csproj", "{4DC3400B-8DAA-429E-9512-F7F27943F696}"
EndProject
Project("{FAE04EC0-301F-11D3-BF4B-00C04F79EFBC}") = "XamarinCLibImp", "XamarinCLibImp\XamarinCLibImp\XamarinCLibImp.csproj", "{010D5057-DF8D-4540-A1D2-7AEABD86A654}"
EndProject
Project("{FAE04EC0-301F-11D3-BF4B-00C04F79EFBC}") = "XamarinCLibImp.Wrapper", "XamarinCLibImp.Wrapper\XamarinCLibImp.Wrapper.csproj", "{DD37D1FE-3AD4-413D-A1C9-65C1F3CD32AF}"
EndProject
Project("{FAE04EC0-301F-11D3-BF4B-00C04F79EFBC}") = "XamarinCLibImp.Mac", "XamarinCLibImp.Mac\XamarinCLibImp.Mac.csproj", "{03BE6ED8-7B53-4A70-998F-04983120B98E}"
EndProject
Global
	GlobalSection(SolutionConfigurationPlatforms) = preSolution
		Ad-Hoc|Any CPU = Ad-Hoc|Any CPU
		Ad-Hoc|ARM = Ad-Hoc|ARM
		Ad-Hoc|iPhone = Ad-Hoc|iPhone
		Ad-Hoc|iPhoneSimulator = Ad-Hoc|iPhoneSimulator
		Ad-Hoc|x64 = Ad-Hoc|x64
		Ad-Hoc|x86 = Ad-Hoc|x86
		AppStore|Any CPU = AppStore|Any CPU
		AppStore|ARM = AppStore|ARM
		AppStore|iPhone = AppStore|iPhone
		AppStore|iPhoneSimulator = AppStore|iPhoneSimulator
		AppStore|x64 = AppStore|x64
		AppStore|x86 = AppStore|x86
		Debug|Any CPU = Debug|Any CPU
		Debug|ARM = Debug|ARM
		Debug|iPhone = Debug|iPhone
		Debug|iPhoneSimulator = Debug|iPhoneSimulator
		Debug|x64 = Debug|x64
		Debug|x86 = Debug|x86
		Release|Any CPU = Release|Any CPU
		Release|ARM = Release|ARM
		Release|iPhone = Release|iPhone
		Release|iPhoneSimulator = Release|iPhoneSimulator
		Release|x64 = Release|x64
		Release|x86 = Release|x86
	EndGlobalSection
	GlobalSection(ProjectConfigurationPlatforms) = postSolution
		{0A7E834B-C0C4-41D0-91CD-BC328162A570}.Ad-Hoc|Any CPU.ActiveCfg = Release|Any CPU
		{0A7E834B-C0C4-41D0-91CD-BC328162A570}.Ad-Hoc|Any CPU.Build.0 = Release|Any CPU
		{0A7E834B-C0C4-41D0-91CD-BC328162A570}.Ad-Hoc|Any CPU.Deploy.0 = Release|Any CPU
		{0A7E834B-C0C4-41D0-91CD-BC328162A570}.Ad-Hoc|ARM.ActiveCfg = Release|Any CPU
		{0A7E834B-C0C4-41D0-91CD-BC328162A570}.Ad-Hoc|ARM.Build.0 = Release|Any CPU
		{0A7E834B-C0C4-41D0-91CD-BC328162A570}.Ad-Hoc|ARM.Deploy.0 = Release|Any CPU
		{0A7E834B-C0C4-41D0-91CD-BC328162A570}.Ad-Hoc|iPhone.ActiveCfg = Release|Any CPU
		{0A7E834B-C0C4-41D0-91CD-BC328162A570}.Ad-Hoc|iPhone.Build.0 = Release|Any CPU
		{0A7E834B-C0C4-41D0-91CD-BC328162A570}.Ad-Hoc|iPhone.Deploy.0 = Release|Any CPU
		{0A7E834B-C0C4-41D0-91CD-BC328162A570}.Ad-Hoc|iPhoneSimulator.ActiveCfg = Release|Any CPU
		{0A7E834B-C0C4-41D0-91CD-BC328162A570}.Ad-Hoc|iPhoneSimulator.Build.0 = Release|Any CPU
		{0A7E834B-C0C4-41D0-91CD-BC328162A570}.Ad-Hoc|iPhoneSimulator.Deploy.0 = Release|Any CPU
		{0A7E834B-C0C4-41D0-91CD-BC328162A570}.Ad-Hoc|x64.ActiveCfg = Release|Any CPU
		{0A7E834B-C0C4-41D0-91CD-BC328162A570}.Ad-Hoc|x64.Build.0 = Release|Any CPU
		{0A7E834B-C0C4-41D0-91CD-BC328162A570}.Ad-Hoc|x64.Deploy.0 = Release|Any CPU
		{0A7E834B-C0C4-41D0-91CD-BC328162A570}.Ad-Hoc|x86.ActiveCfg = Release|Any CPU
		{0A7E834B-C0C4-41D0-91CD-BC328162A570}.Ad-Hoc|x86.Build.0 = Release|Any CPU
		{0A7E834B-C0C4-41D0-91CD-BC328162A570}.Ad-Hoc|x86.Deploy.0 = Release|Any CPU
		{0A7E834B-C0C4-41D0-91CD-BC328162A570}.AppStore|Any CPU.ActiveCfg = Release|Any CPU
		{0A7E834B-C0C4-41D0-91CD-BC328162A570}.AppStore|Any CPU.Build.0 = Release|Any CPU
		{0A7E834B-C0C4-41D0-91CD-BC328162A570}.AppStore|Any CPU.Deploy.0 = Release|Any CPU
		{0A7E834B-C0C4-41D0-91CD-BC328162A570}.AppStore|ARM.ActiveCfg = Release|Any CPU
		{0A7E834B-C0C4-41D0-91CD-BC328162A570}.AppStore|ARM.Build.0 = Release|Any CPU
		{0A7E834B-C0C4-41D0-91CD-BC328162A570}.AppStore|ARM.Deploy.0 = Release|Any CPU
		{0A7E834B-C0C4-41D0-91CD-BC328162A570}.AppStore|iPhone.ActiveCfg = Release|Any CPU
		{0A7E834B-C0C4-41D0-91CD-BC328162A570}.AppStore|iPhone.Build.0 = Release|Any CPU
		{0A7E834B-C0C4-41D0-91CD-BC328162A570}.AppStore|iPhone.Deploy.0 = Release|Any CPU
		{0A7E834B-C0C4-41D0-91CD-BC328162A570}.AppStore|iPhoneSimulator.ActiveCfg = Release|Any CPU
		{0A7E834B-C0C4-41D0-91CD-BC328162A570}.AppStore|iPhoneSimulator.Build.0 = Release|Any CPU
		{0A7E834B-C0C4-41D0-91CD-BC328162A570}.AppStore|iPhoneSimulator.Deploy.0 = Release|Any CPU
		{0A7E834B-C0C4-41D0-91CD-BC328162A570}.AppStore|x64.ActiveCfg = Release|Any CPU
		{0A7E834B-C0C4-41D0-91CD-BC328162A570}.AppStore|x64.Build.0 = Release|Any CPU
		{0A7E834B-C0C4-41D0-91CD-BC328162A570}.AppStore|x64.Deploy.0 = Release|Any CPU
		{0A7E834B-C0C4-41D0-91CD-BC328162A570}.AppStore|x86.ActiveCfg = Release|Any CPU
		{0A7E834B-C0C4-41D0-91CD-BC328162A570}.AppStore|x86.Build.0 = Release|Any CPU
		{0A7E834B-C0C4-41D0-91CD-BC328162A570}.AppStore|x86.Deploy.0 = Release|Any CPU
		{0A7E834B-C0C4-41D0-91CD-BC328162A570}.Debug|Any CPU.ActiveCfg = Debug|Any CPU
		{0A7E834B-C0C4-41D0-91CD-BC328162A570}.Debug|Any CPU.Build.0 = Debug|Any CPU
		{0A7E834B-C0C4-41D0-91CD-BC328162A570}.Debug|Any CPU.Deploy.0 = Debug|Any CPU
		{0A7E834B-C0C4-41D0-91CD-BC328162A570}.Debug|ARM.ActiveCfg = Debug|Any CPU
		{0A7E834B-C0C4-41D0-91CD-BC328162A570}.Debug|ARM.Build.0 = Debug|Any CPU
		{0A7E834B-C0C4-41D0-91CD-BC328162A570}.Debug|ARM.Deploy.0 = Debug|Any CPU
		{0A7E834B-C0C4-41D0-91CD-BC328162A570}.Debug|iPhone.ActiveCfg = Debug|Any CPU
		{0A7E834B-C0C4-41D0-91CD-BC328162A570}.Debug|iPhone.Build.0 = Debug|Any CPU
		{0A7E834B-C0C4-41D0-91CD-BC328162A570}.Debug|iPhone.Deploy.0 = Debug|Any CPU
		{0A7E834B-C0C4-41D0-91CD-BC328162A570}.Debug|iPhoneSimulator.ActiveCfg = Debug|Any CPU
		{0A7E834B-C0C4-41D0-91CD-BC328162A570}.Debug|iPhoneSimulator.Build.0 = Debug|Any CPU
		{0A7E834B-C0C4-41D0-91CD-BC328162A570}.Debug|iPhoneSimulator.Deploy.0 = Debug|Any CPU
		{0A7E834B-C0C4-41D0-91CD-BC328162A570}.Debug|x64.ActiveCfg = Debug|Any CPU
		{0A7E834B-C0C4-41D0-91CD-BC328162A570}.Debug|x64.Build.0 = Debug|Any CPU
		{0A7E834B-C0C4-41D0-91CD-BC328162A570}.Debug|x64.Deploy.0 = Debug|Any CPU
		{0A7E834B-C0C4-41D0-91CD-BC328162A570}.Debug|x86.ActiveCfg = Debug|Any CPU
		{0A7E834B-C0C4-41D0-91CD-BC328162A570}.Debug|x86.Build.0 = Debug|Any CPU
		{0A7E834B-C0C4-41D0-91CD-BC328162A570}.Debug|x86.Deploy.0 = Debug|Any CPU
		{0A7E834B-C0C4-41D0-91CD-BC328162A570}.Release|Any CPU.ActiveCfg = Release|Any CPU
		{0A7E834B-C0C4-41D0-91CD-BC328162A570}.Release|Any CPU.Build.0 = Release|Any CPU
		{0A7E834B-C0C4-41D0-91CD-BC328162A570}.Release|Any CPU.Deploy.0 = Release|Any CPU
		{0A7E834B-C0C4-41D0-91CD-BC328162A570}.Release|ARM.ActiveCfg = Release|Any CPU
		{0A7E834B-C0C4-41D0-91CD-BC328162A570}.Release|ARM.Build.0 = Release|Any CPU
		{0A7E834B-C0C4-41D0-91CD-BC328162A570}.Release|ARM.Deploy.0 = Release|Any CPU
		{0A7E834B-C0C4-41D0-91CD-BC328162A570}.Release|iPhone.ActiveCfg = Release|Any CPU
		{0A7E834B-C0C4-41D0-91CD-BC328162A570}.Release|iPhone.Build.0 = Release|Any CPU
		{0A7E834B-C0C4-41D0-91CD-BC328162A570}.Release|iPhone.Deploy.0 = Release|Any CPU
		{0A7E834B-C0C4-41D0-91CD-BC328162A570}.Release|iPhoneSimulator.ActiveCfg = Release|Any CPU
		{0A7E834B-C0C4-41D0-91CD-BC328162A570}.Release|iPhoneSimulator.Build.0 = Release|Any CPU
		{0A7E834B-C0C4-41D0-91CD-BC328162A570}.Release|iPhoneSimulator.Deploy.0 = Release|Any CPU
		{0A7E834B-C0C4-41D0-91CD-BC328162A570}.Release|x64.ActiveCfg = Release|Any CPU
		{0A7E834B-C0C4-41D0-91CD-BC328162A570}.Release|x64.Build.0 = Release|Any CPU
		{0A7E834B-C0C4-41D0-91CD-BC328162A570}.Release|x64.Deploy.0 = Release|Any CPU
		{0A7E834B-C0C4-41D0-91CD-BC328162A570}.Release|x86.ActiveCfg = Release|Any CPU
		{0A7E834B-C0C4-41D0-91CD-BC328162A570}.Release|x86.Build.0 = Release|Any CPU
		{0A7E834B-C0C4-41D0-91CD-BC328162A570}.Release|x86.Deploy.0 = Release|Any CPU
		{471EB43A-02D9-47ED-8C20-40B031098D8A}.Ad-Hoc|Any CPU.ActiveCfg = Ad-Hoc|iPhone
		{471EB43A-02D9-47ED-8C20-40B031098D8A}.Ad-Hoc|Any CPU.Build.0 = Ad-Hoc|iPhone
		{471EB43A-02D9-47ED-8C20-40B031098D8A}.Ad-Hoc|Any CPU.Deploy.0 = Ad-Hoc|iPhone
		{471EB43A-02D9-47ED-8C20-40B031098D8A}.Ad-Hoc|ARM.ActiveCfg = Ad-Hoc|iPhone
		{471EB43A-02D9-47ED-8C20-40B031098D8A}.Ad-Hoc|ARM.Build.0 = Ad-Hoc|iPhone
		{471EB43A-02D9-47ED-8C20-40B031098D8A}.Ad-Hoc|ARM.Deploy.0 = Ad-Hoc|iPhone
		{471EB43A-02D9-47ED-8C20-40B031098D8A}.Ad-Hoc|iPhone.ActiveCfg = Ad-Hoc|iPhone
		{471EB43A-02D9-47ED-8C20-40B031098D8A}.Ad-Hoc|iPhone.Build.0 = Ad-Hoc|iPhone
		{471EB43A-02D9-47ED-8C20-40B031098D8A}.Ad-Hoc|iPhone.Deploy.0 = Ad-Hoc|iPhone
		{471EB43A-02D9-47ED-8C20-40B031098D8A}.Ad-Hoc|iPhoneSimulator.ActiveCfg = Ad-Hoc|iPhoneSimulator
		{471EB43A-02D9-47ED-8C20-40B031098D8A}.Ad-Hoc|iPhoneSimulator.Build.0 = Ad-Hoc|iPhoneSimulator
		{471EB43A-02D9-47ED-8C20-40B031098D8A}.Ad-Hoc|iPhoneSimulator.Deploy.0 = Ad-Hoc|iPhoneSimulator
		{471EB43A-02D9-47ED-8C20-40B031098D8A}.Ad-Hoc|x64.ActiveCfg = Ad-Hoc|iPhone
		{471EB43A-02D9-47ED-8C20-40B031098D8A}.Ad-Hoc|x64.Build.0 = Ad-Hoc|iPhone
		{471EB43A-02D9-47ED-8C20-40B031098D8A}.Ad-Hoc|x64.Deploy.0 = Ad-Hoc|iPhone
		{471EB43A-02D9-47ED-8C20-40B031098D8A}.Ad-Hoc|x86.ActiveCfg = Ad-Hoc|iPhone
		{471EB43A-02D9-47ED-8C20-40B031098D8A}.Ad-Hoc|x86.Build.0 = Ad-Hoc|iPhone
		{471EB43A-02D9-47ED-8C20-40B031098D8A}.Ad-Hoc|x86.Deploy.0 = Ad-Hoc|iPhone
		{471EB43A-02D9-47ED-8C20-40B031098D8A}.AppStore|Any CPU.ActiveCfg = AppStore|iPhone
		{471EB43A-02D9-47ED-8C20-40B031098D8A}.AppStore|Any CPU.Build.0 = AppStore|iPhone
		{471EB43A-02D9-47ED-8C20-40B031098D8A}.AppStore|Any CPU.Deploy.0 = AppStore|iPhone
		{471EB43A-02D9-47ED-8C20-40B031098D8A}.AppStore|ARM.ActiveCfg = AppStore|iPhone
		{471EB43A-02D9-47ED-8C20-40B031098D8A}.AppStore|ARM.Build.0 = AppStore|iPhone
		{471EB43A-02D9-47ED-8C20-40B031098D8A}.AppStore|ARM.Deploy.0 = AppStore|iPhone
		{471EB43A-02D9-47ED-8C20-40B031098D8A}.AppStore|iPhone.ActiveCfg = AppStore|iPhone
		{471EB43A-02D9-47ED-8C20-40B031098D8A}.AppStore|iPhone.Build.0 = AppStore|iPhone
		{471EB43A-02D9-47ED-8C20-40B031098D8A}.AppStore|iPhone.Deploy.0 = AppStore|iPhone
		{471EB43A-02D9-47ED-8C20-40B031098D8A}.AppStore|iPhoneSimulator.ActiveCfg = AppStore|iPhoneSimulator
		{471EB43A-02D9-47ED-8C20-40B031098D8A}.AppStore|iPhoneSimulator.Build.0 = AppStore|iPhoneSimulator
		{471EB43A-02D9-47ED-8C20-40B031098D8A}.AppStore|iPhoneSimulator.Deploy.0 = AppStore|iPhoneSimulator
		{471EB43A-02D9-47ED-8C20-40B031098D8A}.AppStore|x64.ActiveCfg = AppStore|iPhone
		{471EB43A-02D9-47ED-8C20-40B031098D8A}.AppStore|x64.Build.0 = AppStore|iPhone
		{471EB43A-02D9-47ED-8C20-40B031098D8A}.AppStore|x64.Deploy.0 = AppStore|iPhone
		{471EB43A-02D9-47ED-8C20-40B031098D8A}.AppStore|x86.ActiveCfg = AppStore|iPhone
		{471EB43A-02D9-47ED-8C20-40B031098D8A}.AppStore|x86.Build.0 = AppStore|iPhone
		{471EB43A-02D9-47ED-8C20-40B031098D8A}.AppStore|x86.Deploy.0 = AppStore|iPhone
		{471EB43A-02D9-47ED-8C20-40B031098D8A}.Debug|Any CPU.ActiveCfg = Debug|iPhoneSimulator
		{471EB43A-02D9-47ED-8C20-40B031098D8A}.Debug|Any CPU.Build.0 = Debug|iPhoneSimulator
		{471EB43A-02D9-47ED-8C20-40B031098D8A}.Debug|Any CPU.Deploy.0 = Debug|iPhoneSimulator
		{471EB43A-02D9-47ED-8C20-40B031098D8A}.Debug|ARM.ActiveCfg = Debug|iPhone
		{471EB43A-02D9-47ED-8C20-40B031098D8A}.Debug|ARM.Build.0 = Debug|iPhone
		{471EB43A-02D9-47ED-8C20-40B031098D8A}.Debug|ARM.Deploy.0 = Debug|iPhone
		{471EB43A-02D9-47ED-8C20-40B031098D8A}.Debug|iPhone.ActiveCfg = Debug|iPhone
		{471EB43A-02D9-47ED-8C20-40B031098D8A}.Debug|iPhone.Build.0 = Debug|iPhone
		{471EB43A-02D9-47ED-8C20-40B031098D8A}.Debug|iPhone.Deploy.0 = Debug|iPhone
		{471EB43A-02D9-47ED-8C20-40B031098D8A}.Debug|iPhoneSimulator.ActiveCfg = Debug|iPhoneSimulator
		{471EB43A-02D9-47ED-8C20-40B031098D8A}.Debug|iPhoneSimulator.Build.0 = Debug|iPhoneSimulator
		{471EB43A-02D9-47ED-8C20-40B031098D8A}.Debug|iPhoneSimulator.Deploy.0 = Debug|iPhoneSimulator
		{471EB43A-02D9-47ED-8C20-40B031098D8A}.Debug|x64.ActiveCfg = Debug|iPhone
		{471EB43A-02D9-47ED-8C20-40B031098D8A}.Debug|x64.Build.0 = Debug|iPhone
		{471EB43A-02D9-47ED-8C20-40B031098D8A}.Debug|x64.Deploy.0 = Debug|iPhone
		{471EB43A-02D9-47ED-8C20-40B031098D8A}.Debug|x86.ActiveCfg = Debug|iPhone
		{471EB43A-02D9-47ED-8C20-40B031098D8A}.Debug|x86.Build.0 = Debug|iPhone
		{471EB43A-02D9-47ED-8C20-40B031098D8A}.Debug|x86.Deploy.0 = Debug|iPhone
		{471EB43A-02D9-47ED-8C20-40B031098D8A}.Release|Any CPU.ActiveCfg = Release|iPhone
		{471EB43A-02D9-47ED-8C20-40B031098D8A}.Release|Any CPU.Build.0 = Release|iPhone
		{471EB43A-02D9-47ED-8C20-40B031098D8A}.Release|Any CPU.Deploy.0 = Release|iPhone
		{471EB43A-02D9-47ED-8C20-40B031098D8A}.Release|ARM.ActiveCfg = Release|iPhone
		{471EB43A-02D9-47ED-8C20-40B031098D8A}.Release|ARM.Build.0 = Release|iPhone
		{471EB43A-02D9-47ED-8C20-40B031098D8A}.Release|ARM.Deploy.0 = Release|iPhone
		{471EB43A-02D9-47ED-8C20-40B031098D8A}.Release|iPhone.ActiveCfg = Release|iPhone
		{471EB43A-02D9-47ED-8C20-40B031098D8A}.Release|iPhone.Build.0 = Release|iPhone
		{471EB43A-02D9-47ED-8C20-40B031098D8A}.Release|iPhone.Deploy.0 = Release|iPhone
		{471EB43A-02D9-47ED-8C20-40B031098D8A}.Release|iPhoneSimulator.ActiveCfg = Release|iPhoneSimulator
		{471EB43A-02D9-47ED-8C20-40B031098D8A}.Release|iPhoneSimulator.Build.0 = Release|iPhoneSimulator
		{471EB43A-02D9-47ED-8C20-40B031098D8A}.Release|iPhoneSimulator.Deploy.0 = Release|iPhoneSimulator
		{471EB43A-02D9-47ED-8C20-40B031098D8A}.Release|x64.ActiveCfg = Release|iPhone
		{471EB43A-02D9-47ED-8C20-40B031098D8A}.Release|x64.Build.0 = Release|iPhone
		{471EB43A-02D9-47ED-8C20-40B031098D8A}.Release|x64.Deploy.0 = Release|iPhone
		{471EB43A-02D9-47ED-8C20-40B031098D8A}.Release|x86.ActiveCfg = Release|iPhone
		{471EB43A-02D9-47ED-8C20-40B031098D8A}.Release|x86.Build.0 = Release|iPhone
		{471EB43A-02D9-47ED-8C20-40B031098D8A}.Release|x86.Deploy.0 = Release|iPhone
		{4DC3400B-8DAA-429E-9512-F7F27943F696}.Ad-Hoc|Any CPU.ActiveCfg = Release|x86
		{4DC3400B-8DAA-429E-9512-F7F27943F696}.Ad-Hoc|Any CPU.Build.0 = Release|x86
		{4DC3400B-8DAA-429E-9512-F7F27943F696}.Ad-Hoc|Any CPU.Deploy.0 = Release|x86
		{4DC3400B-8DAA-429E-9512-F7F27943F696}.Ad-Hoc|ARM.ActiveCfg = Release|ARM
		{4DC3400B-8DAA-429E-9512-F7F27943F696}.Ad-Hoc|ARM.Build.0 = Release|ARM
		{4DC3400B-8DAA-429E-9512-F7F27943F696}.Ad-Hoc|ARM.Deploy.0 = Release|ARM
		{4DC3400B-8DAA-429E-9512-F7F27943F696}.Ad-Hoc|iPhone.ActiveCfg = Release|x86
		{4DC3400B-8DAA-429E-9512-F7F27943F696}.Ad-Hoc|iPhone.Build.0 = Release|x86
		{4DC3400B-8DAA-429E-9512-F7F27943F696}.Ad-Hoc|iPhone.Deploy.0 = Release|x86
		{4DC3400B-8DAA-429E-9512-F7F27943F696}.Ad-Hoc|iPhoneSimulator.ActiveCfg = Release|x86
		{4DC3400B-8DAA-429E-9512-F7F27943F696}.Ad-Hoc|iPhoneSimulator.Build.0 = Release|x86
		{4DC3400B-8DAA-429E-9512-F7F27943F696}.Ad-Hoc|iPhoneSimulator.Deploy.0 = Release|x86
		{4DC3400B-8DAA-429E-9512-F7F27943F696}.Ad-Hoc|x64.ActiveCfg = Release|x64
		{4DC3400B-8DAA-429E-9512-F7F27943F696}.Ad-Hoc|x64.Build.0 = Release|x64
		{4DC3400B-8DAA-429E-9512-F7F27943F696}.Ad-Hoc|x64.Deploy.0 = Release|x64
		{4DC3400B-8DAA-429E-9512-F7F27943F696}.Ad-Hoc|x86.ActiveCfg = Release|x86
		{4DC3400B-8DAA-429E-9512-F7F27943F696}.Ad-Hoc|x86.Build.0 = Release|x86
		{4DC3400B-8DAA-429E-9512-F7F27943F696}.Ad-Hoc|x86.Deploy.0 = Release|x86
		{4DC3400B-8DAA-429E-9512-F7F27943F696}.AppStore|Any CPU.ActiveCfg = Release|x86
		{4DC3400B-8DAA-429E-9512-F7F27943F696}.AppStore|Any CPU.Build.0 = Release|x86
		{4DC3400B-8DAA-429E-9512-F7F27943F696}.AppStore|Any CPU.Deploy.0 = Release|x86
		{4DC3400B-8DAA-429E-9512-F7F27943F696}.AppStore|ARM.ActiveCfg = Release|ARM
		{4DC3400B-8DAA-429E-9512-F7F27943F696}.AppStore|ARM.Build.0 = Release|ARM
		{4DC3400B-8DAA-429E-9512-F7F27943F696}.AppStore|ARM.Deploy.0 = Release|ARM
		{4DC3400B-8DAA-429E-9512-F7F27943F696}.AppStore|iPhone.ActiveCfg = Release|x86
		{4DC3400B-8DAA-429E-9512-F7F27943F696}.AppStore|iPhone.Build.0 = Release|x86
		{4DC3400B-8DAA-429E-9512-F7F27943F696}.AppStore|iPhone.Deploy.0 = Release|x86
		{4DC3400B-8DAA-429E-9512-F7F27943F696}.AppStore|iPhoneSimulator.ActiveCfg = Release|x86
		{4DC3400B-8DAA-429E-9512-F7F27943F696}.AppStore|iPhoneSimulator.Build.0 = Release|x86
		{4DC3400B-8DAA-429E-9512-F7F27943F696}.AppStore|iPhoneSimulator.Deploy.0 = Release|x86
		{4DC3400B-8DAA-429E-9512-F7F27943F696}.AppStore|x64.ActiveCfg = Release|x64
		{4DC3400B-8DAA-429E-9512-F7F27943F696}.AppStore|x64.Build.0 = Release|x64
		{4DC3400B-8DAA-429E-9512-F7F27943F696}.AppStore|x64.Deploy.0 = Release|x64
		{4DC3400B-8DAA-429E-9512-F7F27943F696}.AppStore|x86.ActiveCfg = Release|x86
		{4DC3400B-8DAA-429E-9512-F7F27943F696}.AppStore|x86.Build.0 = Release|x86
		{4DC3400B-8DAA-429E-9512-F7F27943F696}.AppStore|x86.Deploy.0 = Release|x86
		{4DC3400B-8DAA-429E-9512-F7F27943F696}.Debug|Any CPU.ActiveCfg = Debug|x86
		{4DC3400B-8DAA-429E-9512-F7F27943F696}.Debug|Any CPU.Build.0 = Debug|x86
		{4DC3400B-8DAA-429E-9512-F7F27943F696}.Debug|Any CPU.Deploy.0 = Debug|x86
		{4DC3400B-8DAA-429E-9512-F7F27943F696}.Debug|ARM.ActiveCfg = Debug|ARM
		{4DC3400B-8DAA-429E-9512-F7F27943F696}.Debug|ARM.Build.0 = Debug|ARM
		{4DC3400B-8DAA-429E-9512-F7F27943F696}.Debug|ARM.Deploy.0 = Debug|ARM
		{4DC3400B-8DAA-429E-9512-F7F27943F696}.Debug|iPhone.ActiveCfg = Debug|x86
		{4DC3400B-8DAA-429E-9512-F7F27943F696}.Debug|iPhone.Build.0 = Debug|x86
		{4DC3400B-8DAA-429E-9512-F7F27943F696}.Debug|iPhone.Deploy.0 = Debug|x86
		{4DC3400B-8DAA-429E-9512-F7F27943F696}.Debug|iPhoneSimulator.ActiveCfg = Debug|x86
		{4DC3400B-8DAA-429E-9512-F7F27943F696}.Debug|iPhoneSimulator.Build.0 = Debug|x86
		{4DC3400B-8DAA-429E-9512-F7F27943F696}.Debug|iPhoneSimulator.Deploy.0 = Debug|x86
		{4DC3400B-8DAA-429E-9512-F7F27943F696}.Debug|x64.ActiveCfg = Debug|x64
		{4DC3400B-8DAA-429E-9512-F7F27943F696}.Debug|x64.Build.0 = Debug|x64
		{4DC3400B-8DAA-429E-9512-F7F27943F696}.Debug|x64.Deploy.0 = Debug|x64
		{4DC3400B-8DAA-429E-9512-F7F27943F696}.Debug|x86.ActiveCfg = Debug|x86
		{4DC3400B-8DAA-429E-9512-F7F27943F696}.Debug|x86.Build.0 = Debug|x86
		{4DC3400B-8DAA-429E-9512-F7F27943F696}.Debug|x86.Deploy.0 = Debug|x86
		{4DC3400B-8DAA-429E-9512-F7F27943F696}.Release|Any CPU.ActiveCfg = Release|x86
		{4DC3400B-8DAA-429E-9512-F7F27943F696}.Release|Any CPU.Build.0 = Release|x86
		{4DC3400B-8DAA-429E-9512-F7F27943F696}.Release|Any CPU.Deploy.0 = Release|x86
		{4DC3400B-8DAA-429E-9512-F7F27943F696}.Release|ARM.ActiveCfg = Release|ARM
		{4DC3400B-8DAA-429E-9512-F7F27943F696}.Release|ARM.Build.0 = Release|ARM
		{4DC3400B-8DAA-429E-9512-F7F27943F696}.Release|ARM.Deploy.0 = Release|ARM
		{4DC3400B-8DAA-429E-9512-F7F27943F696}.Release|iPhone.ActiveCfg = Release|x86
		{4DC3400B-8DAA-429E-9512-F7F27943F696}.Release|iPhone.Build.0 = Release|x86
		{4DC3400B-8DAA-429E-9512-F7F27943F696}.Release|iPhone.Deploy.0 = Release|x86
		{4DC3400B-8DAA-429E-9512-F7F27943F696}.Release|iPhoneSimulator.ActiveCfg = Release|x86
		{4DC3400B-8DAA-429E-9512-F7F27943F696}.Release|iPhoneSimulator.Build.0 = Release|x86
		{4DC3400B-8DAA-429E-9512-F7F27943F696}.Release|iPhoneSimulator.Deploy.0 = Release|x86
		{4DC3400B-8DAA-429E-9512-F7F27943F696}.Release|x64.ActiveCfg = Release|x64
		{4DC3400B-8DAA-429E-9512-F7F27943F696}.Release|x64.Build.0 = Release|x64
		{4DC3400B-8DAA-429E-9512-F7F27943F696}.Release|x64.Deploy.0 = Release|x64
		{4DC3400B-8DAA-429E-9512-F7F27943F696}.Release|x86.ActiveCfg = Release|x86
		{4DC3400B-8DAA-429E-9512-F7F27943F696}.Release|x86.Build.0 = Release|x86
		{4DC3400B-8DAA-429E-9512-F7F27943F696}.Release|x86.Deploy.0 = Release|x86
		{010D5057-DF8D-4540-A1D2-7AEABD86A654}.Ad-Hoc|Any CPU.ActiveCfg = Debug|Any CPU
		{010D5057-DF8D-4540-A1D2-7AEABD86A654}.Ad-Hoc|Any CPU.Build.0 = Debug|Any CPU
		{010D5057-DF8D-4540-A1D2-7AEABD86A654}.Ad-Hoc|Any CPU.Deploy.0 = Debug|Any CPU
		{010D5057-DF8D-4540-A1D2-7AEABD86A654}.Ad-Hoc|ARM.ActiveCfg = Debug|Any CPU
		{010D5057-DF8D-4540-A1D2-7AEABD86A654}.Ad-Hoc|ARM.Build.0 = Debug|Any CPU
		{010D5057-DF8D-4540-A1D2-7AEABD86A654}.Ad-Hoc|ARM.Deploy.0 = Debug|Any CPU
		{010D5057-DF8D-4540-A1D2-7AEABD86A654}.Ad-Hoc|iPhone.ActiveCfg = Debug|Any CPU
		{010D5057-DF8D-4540-A1D2-7AEABD86A654}.Ad-Hoc|iPhone.Build.0 = Debug|Any CPU
		{010D5057-DF8D-4540-A1D2-7AEABD86A654}.Ad-Hoc|iPhone.Deploy.0 = Debug|Any CPU
		{010D5057-DF8D-4540-A1D2-7AEABD86A654}.Ad-Hoc|iPhoneSimulator.ActiveCfg = Debug|Any CPU
		{010D5057-DF8D-4540-A1D2-7AEABD86A654}.Ad-Hoc|iPhoneSimulator.Build.0 = Debug|Any CPU
		{010D5057-DF8D-4540-A1D2-7AEABD86A654}.Ad-Hoc|iPhoneSimulator.Deploy.0 = Debug|Any CPU
		{010D5057-DF8D-4540-A1D2-7AEABD86A654}.Ad-Hoc|x64.ActiveCfg = Debug|Any CPU
		{010D5057-DF8D-4540-A1D2-7AEABD86A654}.Ad-Hoc|x64.Build.0 = Debug|Any CPU
		{010D5057-DF8D-4540-A1D2-7AEABD86A654}.Ad-Hoc|x64.Deploy.0 = Debug|Any CPU
		{010D5057-DF8D-4540-A1D2-7AEABD86A654}.Ad-Hoc|x86.ActiveCfg = Debug|Any CPU
		{010D5057-DF8D-4540-A1D2-7AEABD86A654}.Ad-Hoc|x86.Build.0 = Debug|Any CPU
		{010D5057-DF8D-4540-A1D2-7AEABD86A654}.Ad-Hoc|x86.Deploy.0 = Debug|Any CPU
		{010D5057-DF8D-4540-A1D2-7AEABD86A654}.AppStore|Any CPU.ActiveCfg = Debug|Any CPU
		{010D5057-DF8D-4540-A1D2-7AEABD86A654}.AppStore|Any CPU.Build.0 = Debug|Any CPU
		{010D5057-DF8D-4540-A1D2-7AEABD86A654}.AppStore|Any CPU.Deploy.0 = Debug|Any CPU
		{010D5057-DF8D-4540-A1D2-7AEABD86A654}.AppStore|ARM.ActiveCfg = Debug|Any CPU
		{010D5057-DF8D-4540-A1D2-7AEABD86A654}.AppStore|ARM.Build.0 = Debug|Any CPU
		{010D5057-DF8D-4540-A1D2-7AEABD86A654}.AppStore|ARM.Deploy.0 = Debug|Any CPU
		{010D5057-DF8D-4540-A1D2-7AEABD86A654}.AppStore|iPhone.ActiveCfg = Debug|Any CPU
		{010D5057-DF8D-4540-A1D2-7AEABD86A654}.AppStore|iPhone.Build.0 = Debug|Any CPU
		{010D5057-DF8D-4540-A1D2-7AEABD86A654}.AppStore|iPhone.Deploy.0 = Debug|Any CPU
		{010D5057-DF8D-4540-A1D2-7AEABD86A654}.AppStore|iPhoneSimulator.ActiveCfg = Debug|Any CPU
		{010D5057-DF8D-4540-A1D2-7AEABD86A654}.AppStore|iPhoneSimulator.Build.0 = Debug|Any CPU
		{010D5057-DF8D-4540-A1D2-7AEABD86A654}.AppStore|iPhoneSimulator.Deploy.0 = Debug|Any CPU
		{010D5057-DF8D-4540-A1D2-7AEABD86A654}.AppStore|x64.ActiveCfg = Debug|Any CPU
		{010D5057-DF8D-4540-A1D2-7AEABD86A654}.AppStore|x64.Build.0 = Debug|Any CPU
		{010D5057-DF8D-4540-A1D2-7AEABD86A654}.AppStore|x64.Deploy.0 = Debug|Any CPU
		{010D5057-DF8D-4540-A1D2-7AEABD86A654}.AppStore|x86.ActiveCfg = Debug|Any CPU
		{010D5057-DF8D-4540-A1D2-7AEABD86A654}.AppStore|x86.Build.0 = Debug|Any CPU
		{010D5057-DF8D-4540-A1D2-7AEABD86A654}.AppStore|x86.Deploy.0 = Debug|Any CPU
		{010D5057-DF8D-4540-A1D2-7AEABD86A654}.Debug|Any CPU.ActiveCfg = Debug|Any CPU
		{010D5057-DF8D-4540-A1D2-7AEABD86A654}.Debug|Any CPU.Build.0 = Debug|Any CPU
		{010D5057-DF8D-4540-A1D2-7AEABD86A654}.Debug|Any CPU.Deploy.0 = Debug|Any CPU
		{010D5057-DF8D-4540-A1D2-7AEABD86A654}.Debug|ARM.ActiveCfg = Debug|Any CPU
		{010D5057-DF8D-4540-A1D2-7AEABD86A654}.Debug|ARM.Build.0 = Debug|Any CPU
		{010D5057-DF8D-4540-A1D2-7AEABD86A654}.Debug|ARM.Deploy.0 = Debug|Any CPU
		{010D5057-DF8D-4540-A1D2-7AEABD86A654}.Debug|iPhone.ActiveCfg = Debug|Any CPU
		{010D5057-DF8D-4540-A1D2-7AEABD86A654}.Debug|iPhone.Build.0 = Debug|Any CPU
		{010D5057-DF8D-4540-A1D2-7AEABD86A654}.Debug|iPhone.Deploy.0 = Debug|Any CPU
		{010D5057-DF8D-4540-A1D2-7AEABD86A654}.Debug|iPhoneSimulator.ActiveCfg = Debug|Any CPU
		{010D5057-DF8D-4540-A1D2-7AEABD86A654}.Debug|iPhoneSimulator.Build.0 = Debug|Any CPU
		{010D5057-DF8D-4540-A1D2-7AEABD86A654}.Debug|iPhoneSimulator.Deploy.0 = Debug|Any CPU
		{010D5057-DF8D-4540-A1D2-7AEABD86A654}.Debug|x64.ActiveCfg = Debug|Any CPU
		{010D5057-DF8D-4540-A1D2-7AEABD86A654}.Debug|x64.Build.0 = Debug|Any CPU
		{010D5057-DF8D-4540-A1D2-7AEABD86A654}.Debug|x64.Deploy.0 = Debug|Any CPU
		{010D5057-DF8D-4540-A1D2-7AEABD86A654}.Debug|x86.ActiveCfg = Debug|Any CPU
		{010D5057-DF8D-4540-A1D2-7AEABD86A654}.Debug|x86.Build.0 = Debug|Any CPU
		{010D5057-DF8D-4540-A1D2-7AEABD86A654}.Debug|x86.Deploy.0 = Debug|Any CPU
		{010D5057-DF8D-4540-A1D2-7AEABD86A654}.Release|Any CPU.ActiveCfg = Release|Any CPU
		{010D5057-DF8D-4540-A1D2-7AEABD86A654}.Release|Any CPU.Build.0 = Release|Any CPU
		{010D5057-DF8D-4540-A1D2-7AEABD86A654}.Release|Any CPU.Deploy.0 = Release|Any CPU
		{010D5057-DF8D-4540-A1D2-7AEABD86A654}.Release|ARM.ActiveCfg = Release|Any CPU
		{010D5057-DF8D-4540-A1D2-7AEABD86A654}.Release|ARM.Build.0 = Release|Any CPU
		{010D5057-DF8D-4540-A1D2-7AEABD86A654}.Release|ARM.Deploy.0 = Release|Any CPU
		{010D5057-DF8D-4540-A1D2-7AEABD86A654}.Release|iPhone.ActiveCfg = Release|Any CPU
		{010D5057-DF8D-4540-A1D2-7AEABD86A654}.Release|iPhone.Build.0 = Release|Any CPU
		{010D5057-DF8D-4540-A1D2-7AEABD86A654}.Release|iPhone.Deploy.0 = Release|Any CPU
		{010D5057-DF8D-4540-A1D2-7AEABD86A654}.Release|iPhoneSimulator.ActiveCfg = Release|Any CPU
		{010D5057-DF8D-4540-A1D2-7AEABD86A654}.Release|iPhoneSimulator.Build.0 = Release|Any CPU
		{010D5057-DF8D-4540-A1D2-7AEABD86A654}.Release|iPhoneSimulator.Deploy.0 = Release|Any CPU
		{010D5057-DF8D-4540-A1D2-7AEABD86A654}.Release|x64.ActiveCfg = Release|Any CPU
		{010D5057-DF8D-4540-A1D2-7AEABD86A654}.Release|x64.Build.0 = Release|Any CPU
		{010D5057-DF8D-4540-A1D2-7AEABD86A654}.Release|x64.Deploy.0 = Release|Any CPU
		{010D5057-DF8D-4540-A1D2-7AEABD86A654}.Release|x86.ActiveCfg = Release|Any CPU
		{010D5057-DF8D-4540-A1D2-7AEABD86A654}.Release|x86.Build.0 = Release|Any CPU
		{010D5057-DF8D-4540-A1D2-7AEABD86A654}.Release|x86.Deploy.0 = Release|Any CPU
		{DD37D1FE-3AD4-413D-A1C9-65C1F3CD32AF}.Ad-Hoc|Any CPU.ActiveCfg = Debug|Any CPU
		{DD37D1FE-3AD4-413D-A1C9-65C1F3CD32AF}.Ad-Hoc|Any CPU.Build.0 = Debug|Any CPU
		{DD37D1FE-3AD4-413D-A1C9-65C1F3CD32AF}.Ad-Hoc|ARM.ActiveCfg = Debug|Any CPU
		{DD37D1FE-3AD4-413D-A1C9-65C1F3CD32AF}.Ad-Hoc|ARM.Build.0 = Debug|Any CPU
		{DD37D1FE-3AD4-413D-A1C9-65C1F3CD32AF}.Ad-Hoc|iPhone.ActiveCfg = Debug|Any CPU
		{DD37D1FE-3AD4-413D-A1C9-65C1F3CD32AF}.Ad-Hoc|iPhone.Build.0 = Debug|Any CPU
		{DD37D1FE-3AD4-413D-A1C9-65C1F3CD32AF}.Ad-Hoc|iPhoneSimulator.ActiveCfg = Debug|Any CPU
		{DD37D1FE-3AD4-413D-A1C9-65C1F3CD32AF}.Ad-Hoc|iPhoneSimulator.Build.0 = Debug|Any CPU
		{DD37D1FE-3AD4-413D-A1C9-65C1F3CD32AF}.Ad-Hoc|x64.ActiveCfg = Debug|Any CPU
		{DD37D1FE-3AD4-413D-A1C9-65C1F3CD32AF}.Ad-Hoc|x64.Build.0 = Debug|Any CPU
		{DD37D1FE-3AD4-413D-A1C9-65C1F3CD32AF}.Ad-Hoc|x86.ActiveCfg = Debug|Any CPU
		{DD37D1FE-3AD4-413D-A1C9-65C1F3CD32AF}.Ad-Hoc|x86.Build.0 = Debug|Any CPU
		{DD37D1FE-3AD4-413D-A1C9-65C1F3CD32AF}.AppStore|Any CPU.ActiveCfg = Debug|Any CPU
		{DD37D1FE-3AD4-413D-A1C9-65C1F3CD32AF}.AppStore|Any CPU.Build.0 = Debug|Any CPU
		{DD37D1FE-3AD4-413D-A1C9-65C1F3CD32AF}.AppStore|ARM.ActiveCfg = Debug|Any CPU
		{DD37D1FE-3AD4-413D-A1C9-65C1F3CD32AF}.AppStore|ARM.Build.0 = Debug|Any CPU
		{DD37D1FE-3AD4-413D-A1C9-65C1F3CD32AF}.AppStore|iPhone.ActiveCfg = Debug|Any CPU
		{DD37D1FE-3AD4-413D-A1C9-65C1F3CD32AF}.AppStore|iPhone.Build.0 = Debug|Any CPU
		{DD37D1FE-3AD4-413D-A1C9-65C1F3CD32AF}.AppStore|iPhoneSimulator.ActiveCfg = Debug|Any CPU
		{DD37D1FE-3AD4-413D-A1C9-65C1F3CD32AF}.AppStore|iPhoneSimulator.Build.0 = Debug|Any CPU
		{DD37D1FE-3AD4-413D-A1C9-65C1F3CD32AF}.AppStore|x64.ActiveCfg = Debug|Any CPU
		{DD37D1FE-3AD4-413D-A1C9-65C1F3CD32AF}.AppStore|x64.Build.0 = Debug|Any CPU
		{DD37D1FE-3AD4-413D-A1C9-65C1F3CD32AF}.AppStore|x86.ActiveCfg = Debug|Any CPU
		{DD37D1FE-3AD4-413D-A1C9-65C1F3CD32AF}.AppStore|x86.Build.0 = Debug|Any CPU
		{DD37D1FE-3AD4-413D-A1C9-65C1F3CD32AF}.Debug|Any CPU.ActiveCfg = Debug|Any CPU
		{DD37D1FE-3AD4-413D-A1C9-65C1F3CD32AF}.Debug|Any CPU.Build.0 = Debug|Any CPU
		{DD37D1FE-3AD4-413D-A1C9-65C1F3CD32AF}.Debug|ARM.ActiveCfg = Debug|Any CPU
		{DD37D1FE-3AD4-413D-A1C9-65C1F3CD32AF}.Debug|ARM.Build.0 = Debug|Any CPU
		{DD37D1FE-3AD4-413D-A1C9-65C1F3CD32AF}.Debug|iPhone.ActiveCfg = Debug|Any CPU
		{DD37D1FE-3AD4-413D-A1C9-65C1F3CD32AF}.Debug|iPhone.Build.0 = Debug|Any CPU
		{DD37D1FE-3AD4-413D-A1C9-65C1F3CD32AF}.Debug|iPhoneSimulator.ActiveCfg = Debug|Any CPU
		{DD37D1FE-3AD4-413D-A1C9-65C1F3CD32AF}.Debug|iPhoneSimulator.Build.0 = Debug|Any CPU
		{DD37D1FE-3AD4-413D-A1C9-65C1F3CD32AF}.Debug|x64.ActiveCfg = Debug|Any CPU
		{DD37D1FE-3AD4-413D-A1C9-65C1F3CD32AF}.Debug|x64.Build.0 = Debug|Any CPU
		{DD37D1FE-3AD4-413D-A1C9-65C1F3CD32AF}.Debug|x86.ActiveCfg = Debug|Any CPU
		{DD37D1FE-3AD4-413D-A1C9-65C1F3CD32AF}.Debug|x86.Build.0 = Debug|Any CPU
		{DD37D1FE-3AD4-413D-A1C9-65C1F3CD32AF}.Release|Any CPU.ActiveCfg = Release|Any CPU
		{DD37D1FE-3AD4-413D-A1C9-65C1F3CD32AF}.Release|Any CPU.Build.0 = Release|Any CPU
		{DD37D1FE-3AD4-413D-A1C9-65C1F3CD32AF}.Release|ARM.ActiveCfg = Release|Any CPU
		{DD37D1FE-3AD4-413D-A1C9-65C1F3CD32AF}.Release|ARM.Build.0 = Release|Any CPU
		{DD37D1FE-3AD4-413D-A1C9-65C1F3CD32AF}.Release|iPhone.ActiveCfg = Release|Any CPU
		{DD37D1FE-3AD4-413D-A1C9-65C1F3CD32AF}.Release|iPhone.Build.0 = Release|Any CPU
		{DD37D1FE-3AD4-413D-A1C9-65C1F3CD32AF}.Release|iPhoneSimulator.ActiveCfg = Release|Any CPU
		{DD37D1FE-3AD4-413D-A1C9-65C1F3CD32AF}.Release|iPhoneSimulator.Build.0 = Release|Any CPU
		{DD37D1FE-3AD4-413D-A1C9-65C1F3CD32AF}.Release|x64.ActiveCfg = Release|Any CPU
		{DD37D1FE-3AD4-413D-A1C9-65C1F3CD32AF}.Release|x64.Build.0 = Release|Any CPU
		{DD37D1FE-3AD4-413D-A1C9-65C1F3CD32AF}.Release|x86.ActiveCfg = Release|Any CPU
		{DD37D1FE-3AD4-413D-A1C9-65C1F3CD32AF}.Release|x86.Build.0 = Release|Any CPU
		{03BE6ED8-7B53-4A70-998F-04983120B98E}.Ad-Hoc|Any CPU.ActiveCfg = Release|Any CPU
		{03BE6ED8-7B53-4A70-998F-04983120B98E}.Ad-Hoc|Any CPU.Build.0 = Release|Any CPU
		{03BE6ED8-7B53-4A70-998F-04983120B98E}.Ad-Hoc|ARM.ActiveCfg = Release|Any CPU
		{03BE6ED8-7B53-4A70-998F-04983120B98E}.Ad-Hoc|ARM.Build.0 = Release|Any CPU
		{03BE6ED8-7B53-4A70-998F-04983120B98E}.Ad-Hoc|iPhone.ActiveCfg = Release|Any CPU
		{03BE6ED8-7B53-4A70-998F-04983120B98E}.Ad-Hoc|iPhone.Build.0 = Release|Any CPU
		{03BE6ED8-7B53-4A70-998F-04983120B98E}.Ad-Hoc|iPhoneSimulator.ActiveCfg = Release|Any CPU
		{03BE6ED8-7B53-4A70-998F-04983120B98E}.Ad-Hoc|iPhoneSimulator.Build.0 = Release|Any CPU
		{03BE6ED8-7B53-4A70-998F-04983120B98E}.Ad-Hoc|x64.ActiveCfg = Release|Any CPU
		{03BE6ED8-7B53-4A70-998F-04983120B98E}.Ad-Hoc|x64.Build.0 = Release|Any CPU
		{03BE6ED8-7B53-4A70-998F-04983120B98E}.Ad-Hoc|x86.ActiveCfg = Release|Any CPU
		{03BE6ED8-7B53-4A70-998F-04983120B98E}.Ad-Hoc|x86.Build.0 = Release|Any CPU
		{03BE6ED8-7B53-4A70-998F-04983120B98E}.AppStore|Any CPU.ActiveCfg = Release|Any CPU
		{03BE6ED8-7B53-4A70-998F-04983120B98E}.AppStore|Any CPU.Build.0 = Release|Any CPU
		{03BE6ED8-7B53-4A70-998F-04983120B98E}.AppStore|ARM.ActiveCfg = Release|Any CPU
		{03BE6ED8-7B53-4A70-998F-04983120B98E}.AppStore|ARM.Build.0 = Release|Any CPU
		{03BE6ED8-7B53-4A70-998F-04983120B98E}.AppStore|iPhone.ActiveCfg = Release|Any CPU
		{03BE6ED8-7B53-4A70-998F-04983120B98E}.AppStore|iPhone.Build.0 = Release|Any CPU
		{03BE6ED8-7B53-4A70-998F-04983120B98E}.AppStore|iPhoneSimulator.ActiveCfg = Release|Any CPU
		{03BE6ED8-7B53-4A70-998F-04983120B98E}.AppStore|iPhoneSimulator.Build.0 = Release|Any CPU
		{03BE6ED8-7B53-4A70-998F-04983120B98E}.AppStore|x64.ActiveCfg = Release|Any CPU
		{03BE6ED8-7B53-4A70-998F-04983120B98E}.AppStore|x64.Build.0 = Release|Any CPU
		{03BE6ED8-7B53-4A70-998F-04983120B98E}.AppStore|x86.ActiveCfg = Release|Any CPU
		{03BE6ED8-7B53-4A70-998F-04983120B98E}.AppStore|x86.Build.0 = Release|Any CPU
		{03BE6ED8-7B53-4A70-998F-04983120B98E}.Debug|Any CPU.ActiveCfg = Debug|Any CPU
		{03BE6ED8-7B53-4A70-998F-04983120B98E}.Debug|Any CPU.Build.0 = Debug|Any CPU
		{03BE6ED8-7B53-4A70-998F-04983120B98E}.Debug|ARM.ActiveCfg = Debug|Any CPU
		{03BE6ED8-7B53-4A70-998F-04983120B98E}.Debug|ARM.Build.0 = Debug|Any CPU
		{03BE6ED8-7B53-4A70-998F-04983120B98E}.Debug|iPhone.ActiveCfg = Debug|Any CPU
		{03BE6ED8-7B53-4A70-998F-04983120B98E}.Debug|iPhone.Build.0 = Debug|Any CPU
		{03BE6ED8-7B53-4A70-998F-04983120B98E}.Debug|iPhoneSimulator.ActiveCfg = Debug|Any CPU
		{03BE6ED8-7B53-4A70-998F-04983120B98E}.Debug|iPhoneSimulator.Build.0 = Debug|Any CPU
		{03BE6ED8-7B53-4A70-998F-04983120B98E}.Debug|x64.ActiveCfg = Debug|Any CPU
		{03BE6ED8-7B53-4A70-998F-04983120B98E}.Debug|x64.Build.0 = Debug|Any CPU
		{03BE6ED8-7B53-4A70-998F-04983120B98E}.Debug|x86.ActiveCfg = Debug|Any CPU
		{03BE6ED8-7B53-4A70-998F-04983120B98E}.Debug|x86.Build.0 = Debug|Any CPU
		{03BE6ED8-7B53-4A70-998F-04983120B98E}.Release|Any CPU.ActiveCfg = Release|Any CPU
		{03BE6ED8-7B53-4A70-998F-04983120B98E}.Release|Any CPU.Build.0 = Release|Any CPU
		{03BE6ED8-7B53-4A70-998F-04983120B98E}.Release|ARM.ActiveCfg = Release|Any CPU
		{03BE6ED8-7B53-4A70-998F-04983120B98E}.Release|ARM.Build.0 = Release|Any CPU
		{03BE6ED8-7B53-4A70-998F-04983120B98E}.Release|iPhone.ActiveCfg = Release|Any CPU
		{03BE6ED8-7B53-4A70-998F-04983120B98E}.Release|iPhone.Build.0 = Release|Any CPU
		{03BE6ED8-7B53-4A70-998F-04983120B98E}.Release|iPhoneSimulator.ActiveCfg = Release|Any CPU
		{03BE6ED8-7B53-4A70-998F-04983120B98E}.Release|iPhoneSimulator.Build.0 = Release|Any CPU
		{03BE6ED8-7B53-4A70-998F-04983120B98E}.Release|x64.ActiveCfg = Release|Any CPU
		{03BE6ED8-7B53-4A70-998F-04983120B98E}.Release|x64.Build.0 = Release|Any CPU
		{03BE6ED8-7B53-4A70-998F-04983120B98E}.Release|x86.ActiveCfg = Release|Any CPU
		{03BE6ED8-7B53-4A70-998F-04983120B98E}.Release|x86.Build.0 = Release|Any CPU
	EndGlobalSection
	GlobalSection(SolutionProperties) = preSolution
		HideSolutionNode = FALSE
	EndGlobalSection
	GlobalSection(ExtensibilityGlobals) = postSolution
		SolutionGuid = {A404D357-C11C-48D0-912D-8A8220BA8E18}
	EndGlobalSection
EndGlobal
